
Microsoft Visual Studio Solution File, Format Version 12.00
# Visual Studio 2012
Project("{FAE04EC0-301F-11D3-BF4B-00C04F79EFBC}") = "NaimouzaHighSchool", "NaimouzaHighSchool\NaimouzaHighSchool.csproj", "{968E01E5-912C-4D8A-BBE1-900927AFCC9A}"
EndProject
Project("{FAE04EC0-301F-11D3-BF4B-00C04F79EFBC}") = "NaimouzaHighSchoolTest", "NaimouzaHighSchoolTest\NaimouzaHighSchoolTest.csproj", "{9733E9AC-73FF-4D6C-A86A-6809902C0FBA}"
EndProject
Global
	GlobalSection(SolutionConfigurationPlatforms) = preSolution
		Debug|Any CPU = Debug|Any CPU
		Release|Any CPU = Release|Any CPU
	EndGlobalSection
	GlobalSection(ProjectConfigurationPlatforms) = postSolution
		{968E01E5-912C-4D8A-BBE1-900927AFCC9A}.Debug|Any CPU.ActiveCfg = Debug|Any CPU
		{968E01E5-912C-4D8A-BBE1-900927AFCC9A}.Debug|Any CPU.Build.0 = Debug|Any CPU
		{968E01E5-912C-4D8A-BBE1-900927AFCC9A}.Release|Any CPU.ActiveCfg = Release|Any CPU
		{968E01E5-912C-4D8A-BBE1-900927AFCC9A}.Release|Any CPU.Build.0 = Release|Any CPU
		{9733E9AC-73FF-4D6C-A86A-6809902C0FBA}.Debug|Any CPU.ActiveCfg = Debug|Any CPU
		{9733E9AC-73FF-4D6C-A86A-6809902C0FBA}.Debug|Any CPU.Build.0 = Debug|Any CPU
		{9733E9AC-73FF-4D6C-A86A-6809902C0FBA}.Release|Any CPU.ActiveCfg = Release|Any CPU
		{9733E9AC-73FF-4D6C-A86A-6809902C0FBA}.Release|Any CPU.Build.0 = Release|Any CPU
	EndGlobalSection
	GlobalSection(SolutionProperties) = preSolution
		HideSolutionNode = FALSE
	EndGlobalSection
EndGlobal
